
Microsoft Visual Studio Solution File, Format Version 12.00
# Visual Studio Version 17
VisualStudioVersion = 17.1.32414.318
MinimumVisualStudioVersion = 10.0.40219.1
Project("{9A19103F-16F7-4668-BE54-9A1E7A4F7556}") = "DrawLots", "DrawLots.csproj", "{22B78B5F-346F-4E90-8096-C8DBF114C204}"
EndProject
Global
	GlobalSection(SolutionConfigurationPlatforms) = preSolution
		Debug|Any CPU = Debug|Any CPU
		Release|Any CPU = Release|Any CPU
	EndGlobalSection
	GlobalSection(ProjectConfigurationPlatforms) = postSolution
		{22B78B5F-346F-4E90-8096-C8DBF114C204}.Debug|Any CPU.ActiveCfg = Debug|Any CPU
		{22B78B5F-346F-4E90-8096-C8DBF114C204}.Debug|Any CPU.Build.0 = Debug|Any CPU
		{22B78B5F-346F-4E90-8096-C8DBF114C204}.Release|Any CPU.ActiveCfg = Release|Any CPU
		{22B78B5F-346F-4E90-8096-C8DBF114C204}.Release|Any CPU.Build.0 = Release|Any CPU
	EndGlobalSection
	GlobalSection(SolutionProperties) = preSolution
		HideSolutionNode = FALSE
	EndGlobalSection
	GlobalSection(ExtensibilityGlobals) = postSolution
		SolutionGuid = {EB80B30E-8934-4FDF-8D97-12478FADE4F3}
	EndGlobalSection
EndGlobal
